# Written by `tac sync`, never by hand: the sha256 of every input, template,
# the policy, the floor, the hook guard, every registered Workflow script and
# every generated output. `tac check` fails when a generated file or an input
# no longer matches what is recorded here, the guard refuses to run when a
# file beside it does not, and a Workflow call runs only a script listed here.

schema_version = 1

[inputs]
".agents/config.toml" = "89fab5efff9e2b2bbef2be1913b4e11ea7545cf3fa2f9f390a660b03f6c2cffb"
".agents/config/gates/app.toml" = "a57c8eb4c75795d66f7bc8cda19b2ff4ba838e6cc496b4dad119ce414e520aa9"
".agents/config/gates/data-pipeline.toml" = "563a1471b906440020efbbd09db7c633b481a278e8ae6b08f018cf1fdcdecc93"
".agents/config/gates/document.toml" = "4a4caf2f150ec847fc81aafa7fa39c5c3f4dcea519d1cc611af1c3043330af5c"
".agents/config/gates/library.toml" = "cf67c56480af3d7f361e786867769eb16f4e2ae1fe15b38dc68d240b7244d3cf"
".agents/config/gates/mixed.toml" = "3e47ab91cd931efb3c064ae760a3ca4de464385c17b90014fb6e299dca67e13b"
".agents/config/gates/tool.toml" = "305e8c0042992f981315efa1883a3f3838d3b9be1590692f6ff975c8df7516fc"
".agents/config/github.toml" = "4e91f0edf1d595a0cd4b7d466be72aa5eabd43a73b9be3b69b576bac102c3d6d"
".agents/config/hooks.toml" = "2f85f790cc9414d54fc3fb7ef3e63488e48d4fb4bd9015572c27395338408085"
".agents/config/mcp.toml" = "a5ebdd9c08e6a5175d1e1a900118afac635b5e54f92a1b8989272ace9619479e"
".agents/config/models.toml" = "3c67467b3ef3a4a5a18e44085349b04d6820a179b9c7c6f5152539121c84ff62"
".agents/config/network.toml" = "74b9a81741b4ef613a2297625d817d1c85a36864734fe987cb20b0629d7b9bd9"
".agents/config/pipelines/board.toml" = "1204ac9c21eb18d102a3e0baf6975f1829fa67242d9512f34565c90b23dfd9ff"
".agents/config/pipelines/order.toml" = "4aab6b151bab2a8b4d1b4fc1d84b55e2055f0b7eac80c743b67efbb56683bdb4"
".agents/config/pipelines/release.toml" = "809ab24d77092a2db9b6017dfd6d142bff26e7bfd840a7ce4b9a3f021df88548"
".agents/config/pipelines/retro.toml" = "1d5b8b602f80d56b4af355b4fba4198f24f2465dd15e0d6f367f522e1be35c6c"
".agents/config/pipelines/review.toml" = "4fd733f3d97ab40a5ff7a23f575fffb5ea30ee84284e658569635abd3ea368d3"
".agents/config/probes.toml" = "08d6b27d80f0c36cbb9843cfc6e4bb6e5213f8cdd09ec533898c237c927a9c43"
".agents/config/profiles/enterprise.toml" = "6ca2018240ef9ff217a97794e0753998d0709de675b49745e85b2a13b157d8ba"
".agents/config/profiles/standard.toml" = "9fc28839070a004d6982497f1ce9bbaf6155f89cfa864fbead806d1f006236cb"
".agents/config/profiles/yolo.toml" = "894e50099628a456849d3e6b6fe06c6d513fb13d039483cbded20991adf3a575"
".agents/config/receipts.toml" = "050a2e56e4ba695c689aa3956e2094d0cd19c90320eb937397cb03d317e0324a"
".agents/config/roles/builder.toml" = "bb3e5d190c10e0c396b018be3026939fc86d45dcf4aa30859ea251551805c6bb"
".agents/config/roles/chief.toml" = "2dcd24761e6745a495cc4c4ebbb6007b093b22711821383a75745aa624c83558"
".agents/config/roles/director.toml" = "14368b67728ebc163e2724f8b3a9fb59d31fc2d518e4351dfebbaaff76d748e5"
".agents/config/roles/manager.toml" = "88d44fd2e502b684b0a547059fc712e17b81c94b75230087a2dbb890585baef9"
".agents/config/roles/reviewer.toml" = "36d3ea200cec9db3aba988286a749094f51dc10e30aebd0369ef5253ea268ced"
".agents/config/roles/scout.toml" = "9bdaf08792159950ce3c4907770ff1852c05c15e400a0c9d66b7056e770b614b"
".agents/config/runtime.toml" = "42f91290afea8a3c6c450bdb288f5a7ba17543a1c0a26421ea6282baa5441821"
".agents/config/standards.toml" = "62936d92098c954ead3c87ab2a1cc2dc9e2694a4b0934dea75de08aa874b34aa"
".agents/config/teams.toml" = "13aa0a4d9b653dc7f364cef8bc6076859ff25d1b5d76fea968cffdaa47d45dbd"
".agents/context/brief.md" = "a528bc9c81526f63124a818202fd1ffa4b6f4a6c5421f0d2d786da3bfe96bc16"
".agents/context/claude.md" = "cff1c2de685136f7e1a078c1287cb2438537ea3618832f9825e7944d02b300c5"

[templates]
"templates/adapters/claude/CLAUDE.md.j2" = "95d3ac1569e5ba812abe91e3f95fd77328fae97bfeab7d6563aa4c7d99db2750"
"templates/adapters/claude/agent.md.j2" = "4cf733738ac2be9b23f4b7c84ac976fa59002f7ac7f511ee096eb8757edc3180"
"templates/adapters/claude/settings.json.data.j2" = "2f05dfb000a22463ff45b41e8a289c5c874b4cebe877ef39c19da0846da09d44"
"templates/adapters/codex/agent.toml.data.j2" = "9e8371ffb57e264263d528b4ad994d97efa2f5969977bcef0511626e89373a76"
"templates/adapters/codex/config.toml.data.j2" = "c29d6a2046ede3c9732cea69b326c43bd3c7d715fd5355ee23a8bb98aff031fb"
"templates/adapters/codex/hooks.json.data.j2" = "ff0e97ef758e36fbcc771347cace527411f78eb6ad64723307f00c543d59dbba"
"templates/adapters/common/AGENTS.md.j2" = "679f40c71c3d93914ab3385a975ff8dbe3e6924c5d027be2624ca4a5e6448188"

[policy]
".agents/config/policy.toml" = "e418e9aed3af08332ee7fdcdb73aac165513f62f68331651931300ca103eed62"

[floor]
".agents/standards.floor.toml" = "8dd34fed96143523901f0f7bdfb05bb7ba25e260a5a480e1de19f17271f8b089"

[hooks]
".agents/hooks/run.py" = "0f2056af525c3bbeb16a11fdfc158dcf39802f223cad84f6a15081eaf3a84c18"
"hooks/git/prek.toml" = "54f5d7efcbbd102271e50f26b44c39b4db355c8c4f90e0ab18cce864512f8440"
"hooks/run.py" = "0f2056af525c3bbeb16a11fdfc158dcf39802f223cad84f6a15081eaf3a84c18"

[workflows]

[outputs]
".claude/agents/builder.md" = "6115d35ddb041584af2a3a342cbc8ea1f2d9761428ff5cb318d252da07fae209"
".claude/agents/chief.md" = "ba3a34dbb8ddee208ad8fddb42bcda8cb12093153b07055bb32563774ed07200"
".claude/agents/director.md" = "4b7f3e8fc8197be6e63c51ab2713701d1fccdb176bec563624aa1538bdbcbc9f"
".claude/agents/manager.md" = "d14916a01182cae69f41e4a23ed5d65a8a24f7afc910f0dba9b3d1ea552e7e0d"
".claude/agents/reviewer.md" = "3124dc8067b1e4b3aad602969c3a3c5e24d1c02af1ce28d3df6493b5b381ba10"
".claude/agents/scout.md" = "d6afa9ede76e7e65ad09eb1b0e715f14e085ff1d8eb35b85abaa4617c453f1b4"
".claude/settings.json" = "b3bea33fff8c8a818b539a65a7f1677ea2695f6b1a110d8bd2b7a78fafc2c4a7"
".codex/agents/builder.toml" = "76486e219557b99c4a8bbc3a08af2165c95922eb08bc7e85166babbebc519f18"
".codex/agents/director.toml" = "08fff22dd72e8fded0a6249394b249ac7ddd75cb16d5c8877e7865b9532b7b4f"
".codex/agents/manager.toml" = "23ee2adf572ad35bfe276bfbf71e51b752c6b0de938abc2d085fef8eea24a6b8"
".codex/agents/reviewer.toml" = "9f00bcd2cd62ea5050aa4b79a09449ca220bf98fb55a21fc4262fe914a4b1d66"
".codex/agents/scout.toml" = "8cf7e2318b1d7dc130da9761eefc6b509db5222dbe561905b5e79dcb7ebc51c4"
".codex/config.toml" = "08d6949183a79a87fb560211b477ff8a82299a22572a5a2965f991dc192edead"
".codex/hooks.json" = "b059f1cddd1ef5f98225f781f4c49fb5f5e0638ebb2caff9499644056c05fdd9"
"AGENTS.md" = "1bad134989cb0be6d4094302922a549850847abc5d8dda0ef383a5383d58632f"
"CLAUDE.md" = "69da52717ebfacfe3b2fa33afba1fc5e132c0a859fc72d198804f6c3ec021c7c"
