# Written by `tac sync`, never by hand: the sha256 of every input, template,
# the policy, the floor, the hook guard and every generated output. `tac check`
# fails when a generated file or an input no longer matches what is recorded
# here, and the guard refuses to run when a file beside it does not.

schema_version = 1

[inputs]
".agents/config.toml" = "75c610cafff80c69e05c28b47a7a18b041db753e54c13e1829f10f847704d194"
".agents/config/gates/app.toml" = "a57c8eb4c75795d66f7bc8cda19b2ff4ba838e6cc496b4dad119ce414e520aa9"
".agents/config/gates/data-pipeline.toml" = "563a1471b906440020efbbd09db7c633b481a278e8ae6b08f018cf1fdcdecc93"
".agents/config/gates/document.toml" = "4a4caf2f150ec847fc81aafa7fa39c5c3f4dcea519d1cc611af1c3043330af5c"
".agents/config/gates/library.toml" = "cf67c56480af3d7f361e786867769eb16f4e2ae1fe15b38dc68d240b7244d3cf"
".agents/config/gates/mixed.toml" = "3e47ab91cd931efb3c064ae760a3ca4de464385c17b90014fb6e299dca67e13b"
".agents/config/gates/tool.toml" = "305e8c0042992f981315efa1883a3f3838d3b9be1590692f6ff975c8df7516fc"
".agents/config/github.toml" = "4e91f0edf1d595a0cd4b7d466be72aa5eabd43a73b9be3b69b576bac102c3d6d"
".agents/config/hooks.toml" = "8bce165bb8318edbb0069691513ebac336086336acb8d61fca67b32fc02d3a86"
".agents/config/mcp.toml" = "a5ebdd9c08e6a5175d1e1a900118afac635b5e54f92a1b8989272ace9619479e"
".agents/config/models.toml" = "92e56d65ff72a54f3be5f42e821f7d4a57eb6af8284cb67b9700a37be6f2a5e9"
".agents/config/network.toml" = "74b9a81741b4ef613a2297625d817d1c85a36864734fe987cb20b0629d7b9bd9"
".agents/config/pipelines/board.toml" = "1204ac9c21eb18d102a3e0baf6975f1829fa67242d9512f34565c90b23dfd9ff"
".agents/config/pipelines/order.toml" = "dee066f8954e9091bf4e92b6f7d5326d619d62f746e7818734766cc4ac13740b"
".agents/config/pipelines/release.toml" = "809ab24d77092a2db9b6017dfd6d142bff26e7bfd840a7ce4b9a3f021df88548"
".agents/config/pipelines/retro.toml" = "1d5b8b602f80d56b4af355b4fba4198f24f2465dd15e0d6f367f522e1be35c6c"
".agents/config/pipelines/review.toml" = "4fd733f3d97ab40a5ff7a23f575fffb5ea30ee84284e658569635abd3ea368d3"
".agents/config/probes.toml" = "08d6b27d80f0c36cbb9843cfc6e4bb6e5213f8cdd09ec533898c237c927a9c43"
".agents/config/profiles/enterprise.toml" = "d9a57ab39d31158653e085cf506abd3b545c7ebf6700b37572f09f5ac2ba378f"
".agents/config/profiles/standard.toml" = "2c9fc582c68abc3bceddba180860143b2361810a029429fe92ce9f3deaf2b0a7"
".agents/config/profiles/yolo.toml" = "0a440c8fd5e12b582d3f5824f55d6962937d8e01bfe42d74dc28a79d7ca1601a"
".agents/config/receipts.toml" = "050a2e56e4ba695c689aa3956e2094d0cd19c90320eb937397cb03d317e0324a"
".agents/config/roles/builder.toml" = "545031efc9af107e76ca0460459c47723a80c19a498a9eca71e19833cacd110a"
".agents/config/roles/chief.toml" = "e45745f3bb92a920de1c18fe46ee659c85b9485db94c8161c24aa9df5a5bfe97"
".agents/config/roles/director.toml" = "5b05ede1519e0a3010c768cc1bf9823be7efa8fed1fefd74f20fb49f6630c6fd"
".agents/config/roles/manager.toml" = "086c4e9e4802c110c6ab6029fc8397b9e767f08f76475ab27c5614c87516eb56"
".agents/config/roles/reviewer.toml" = "1a8e6cf0714daa8dfe68abb499d8f7fdbf1cbc81cef425f81242b24203433ab9"
".agents/config/roles/scout.toml" = "395a3149b9fd1386f85f6d32190c0a88cf928f6a01abb87d004dd1b972cb3af5"
".agents/config/runtime.toml" = "42f91290afea8a3c6c450bdb288f5a7ba17543a1c0a26421ea6282baa5441821"
".agents/config/standards.toml" = "15ff1110450c1eddf42030ed0dccbfa8006b7bd5f79ce847115bb00a2b15990b"
".agents/config/teams.toml" = "ba0cb4c331ba1b46121a1be7963ddc6ef40d3b3002f798f95f16134db1a7fed6"
".agents/context/brief.md" = "a528bc9c81526f63124a818202fd1ffa4b6f4a6c5421f0d2d786da3bfe96bc16"
".agents/context/claude.md" = "cff1c2de685136f7e1a078c1287cb2438537ea3618832f9825e7944d02b300c5"

[templates]
"templates/adapters/claude/CLAUDE.md.j2" = "95d3ac1569e5ba812abe91e3f95fd77328fae97bfeab7d6563aa4c7d99db2750"
"templates/adapters/claude/agent.md.j2" = "c21a03e0ac76409c03a0db7822be737a627ae98854707e60cf94020599667a63"
"templates/adapters/claude/settings.json.data.j2" = "2f05dfb000a22463ff45b41e8a289c5c874b4cebe877ef39c19da0846da09d44"
"templates/adapters/codex/agent.toml.data.j2" = "9e8371ffb57e264263d528b4ad994d97efa2f5969977bcef0511626e89373a76"
"templates/adapters/codex/config.toml.data.j2" = "c29d6a2046ede3c9732cea69b326c43bd3c7d715fd5355ee23a8bb98aff031fb"
"templates/adapters/codex/hooks.json.data.j2" = "ff0e97ef758e36fbcc771347cace527411f78eb6ad64723307f00c543d59dbba"
"templates/adapters/common/AGENTS.md.j2" = "679f40c71c3d93914ab3385a975ff8dbe3e6924c5d027be2624ca4a5e6448188"

[policy]
".agents/config/policy.toml" = "e418e9aed3af08332ee7fdcdb73aac165513f62f68331651931300ca103eed62"

[floor]
".agents/standards.floor.toml" = "8dd34fed96143523901f0f7bdfb05bb7ba25e260a5a480e1de19f17271f8b089"

[hooks]
".agents/hooks/run.py" = "0f2056af525c3bbeb16a11fdfc158dcf39802f223cad84f6a15081eaf3a84c18"
"hooks/git/prek.toml" = "73297fabfecffe1068e24190a8be838b3b00f49e3aeb07da873610adadff896c"
"hooks/run.py" = "0f2056af525c3bbeb16a11fdfc158dcf39802f223cad84f6a15081eaf3a84c18"

[outputs]
".claude/agents/builder.md" = "28d82025701c5e48cdc158303be306b7f456ff341d0a776d8b4404157d008a8c"
".claude/agents/chief.md" = "57c9f3a7d34ca077f89213e618908e007c0f0fb5256d918e1305b42030d02e54"
".claude/agents/director.md" = "7137257ad36ccd5b17f2950aaba2b27004b170d28f6f9b44095773a730cbd602"
".claude/agents/manager.md" = "417aef90cef445f060eaed92150960198c38701b72c98a7a20bdb3a8225630ac"
".claude/agents/reviewer.md" = "300e2dc9aa605740ccf72d81b3c88834a11dbd77e74fc9448f80b7fb0ae7cd25"
".claude/agents/scout.md" = "7ae098f3b9ab1e11880169355d6706602aa597bad865cedb937d22bfa75f796c"
".claude/settings.json" = "93c833b0e1041d18fa6713b885140bf399bdb46fcc269ad73807a7c722df4ba5"
".codex/agents/builder.toml" = "ed466fd61f9c046feb1d305f90d5bb2d72aa56cb0f9e13fe950d4e531e0c79e3"
".codex/agents/director.toml" = "cb5a0fd5947e0947ee0dc520bf17f065b69d62d21b36a64377b74cf859f39aba"
".codex/agents/manager.toml" = "188c5a0249dd78cc3d653a7cd44ea6a720b8180977ba25c70c57d36b61ce90fc"
".codex/agents/reviewer.toml" = "b14a844f3e92d50139eea94bfafbe6ddad0522e8a11203310e2a8dcc99f4eac1"
".codex/agents/scout.toml" = "1deed79a1c0795c199cff7d6202eb8862f00afa990017b8c7d8a424a41a1f6ba"
".codex/config.toml" = "08d6949183a79a87fb560211b477ff8a82299a22572a5a2965f991dc192edead"
".codex/hooks.json" = "b059f1cddd1ef5f98225f781f4c49fb5f5e0638ebb2caff9499644056c05fdd9"
"AGENTS.md" = "1bad134989cb0be6d4094302922a549850847abc5d8dda0ef383a5383d58632f"
"CLAUDE.md" = "69da52717ebfacfe3b2fa33afba1fc5e132c0a859fc72d198804f6c3ec021c7c"
